
Microsoft Visual Studio Solution File, Format Version 12.00
# Visual Studio Version 16
VisualStudioVersion = 16.0.33801.447
MinimumVisualStudioVersion = 10.0.40219.1
Project("{FAE04EC0-301F-11D3-BF4B-00C04F79EFBC}") = "Ej1_Encuesta", "Ej1_Encuesta\Ej1_Encuesta.csproj", "{E79DB5E8-B585-487F-8E70-D4539120BF9F}"
EndProject
Global
	GlobalSection(SolutionConfigurationPlatforms) = preSolution
		Debug|Any CPU = Debug|Any CPU
		Release|Any CPU = Release|Any CPU
	EndGlobalSection
	GlobalSection(ProjectConfigurationPlatforms) = postSolution
		{E79DB5E8-B585-487F-8E70-D4539120BF9F}.Debug|Any CPU.ActiveCfg = Debug|Any CPU
		{E79DB5E8-B585-487F-8E70-D4539120BF9F}.Debug|Any CPU.Build.0 = Debug|Any CPU
		{E79DB5E8-B585-487F-8E70-D4539120BF9F}.Release|Any CPU.ActiveCfg = Release|Any CPU
		{E79DB5E8-B585-487F-8E70-D4539120BF9F}.Release|Any CPU.Build.0 = Release|Any CPU
	EndGlobalSection
	GlobalSection(SolutionProperties) = preSolution
		HideSolutionNode = FALSE
	EndGlobalSection
	GlobalSection(ExtensibilityGlobals) = postSolution
		SolutionGuid = {CCDFDB61-545C-4B6C-8CB0-B0AEB5702CA0}
	EndGlobalSection
EndGlobal
